# This file was autogenerated by Stack.
# You should not edit this file by hand.
# For more information, please see the documentation at:
#   https://docs.haskellstack.org/en/stable/topics/lock_files

packages:
- completed:
    hackage: telegram-bot-simple-0.12@sha256:6e0d268458ead1a1da8d651fca1f74a7d640d57e6506496491cdc35d43003528,5585
    pantry-tree:
      sha256: 911d010c44f1ce42d5b1ac7acf66ca04482b3e1a1a519e6c54ee4c2e9e827513
      size: 1374
  original:
    hackage: telegram-bot-simple-0.12@sha256:6e0d268458ead1a1da8d651fca1f74a7d640d57e6506496491cdc35d43003528,5585
snapshots:
- completed:
    sha256: a81fb3877c4f9031e1325eb3935122e608d80715dc16b586eb11ddbff8671ecd
    size: 640086
    url: https://raw.githubusercontent.com/commercialhaskell/stackage-snapshots/master/lts/21/25.yaml
  original: lts-21.25
